<?xml version="1.0" encoding="utf-8"?>
<Project ToolsVersion="4.0" xmlns="http://schemas.microsoft.com/developer/msbuild/2003">
  <ItemGroup>
    <Filter Include="Source Files">
      <UniqueIdentifier>{4FC737F1-C7A5-4376-A066-2A32D752A2FF}</UniqueIdentifier>
      <Extensions>cpp;c;cc;cxx;def;odl;idl;hpj;bat;asm;asmx</Extensions>
    </Filter>
    <Filter Include="Source Files\sba_warper">
      <UniqueIdentifier>{302c1fe8-4bca-4d4d-ba3c-f21f7a773330}</UniqueIdentifier>
    </Filter>
    <Filter Include="Source Files\epnp">
      <UniqueIdentifier>{d1f861ff-93f4-45dd-aee8-7841fabf25e7}</UniqueIdentifier>
    </Filter>
    <Filter Include="Source Files\preprocess">
      <UniqueIdentifier>{c1d7a836-0916-4486-ae46-5d9622db3102}</UniqueIdentifier>
    </Filter>
    <Filter Include="Source Files\timer">
      <UniqueIdentifier>{5b9e0f8a-3979-4d4e-ac86-42d9446396b4}</UniqueIdentifier>
    </Filter>
    <Filter Include="Source Files\exif_reader">
      <UniqueIdentifier>{32388f06-dcaa-46b5-9269-f4503afc4851}</UniqueIdentifier>
    </Filter>
    <Filter Include="Source Files\exif_reader\jhead-2.90">
      <UniqueIdentifier>{c6cba981-4665-4f62-90b4-728b23a176f2}</UniqueIdentifier>
    </Filter>
  </ItemGroup>
  <ItemGroup>
    <ClCompile Include="main.cpp">
      <Filter>Source Files</Filter>
    </ClCompile>
    <ClCompile Include="visualwords.cpp">
      <Filter>Source Files</Filter>
    </ClCompile>
    <ClCompile Include="geometry.cpp">
      <Filter>Source Files</Filter>
    </ClCompile>
    <ClCompile Include="Epnp\epnp.cpp">
      <Filter>Source Files\epnp</Filter>
    </ClCompile>
    <ClCompile Include="Timer\timer.cpp">
      <Filter>Source Files\timer</Filter>
    </ClCompile>
    <ClCompile Include="PreProcess\bundlercamera.cpp">
      <Filter>Source Files\preprocess</Filter>
    </ClCompile>
    <ClCompile Include="PreProcess\parsebundler.cpp">
      <Filter>Source Files\preprocess</Filter>
    </ClCompile>
    <ClCompile Include="PreProcess\picture.cpp">
      <Filter>Source Files\preprocess</Filter>
    </ClCompile>
    <ClCompile Include="sba_warper\sba_imgproj.cpp">
      <Filter>Source Files\sba_warper</Filter>
    </ClCompile>
    <ClCompile Include="sba_warper\sba_warper.cpp">
      <Filter>Source Files\sba_warper</Filter>
    </ClCompile>
    <ClCompile Include="exif_reader\exif_reader.cpp">
      <Filter>Source Files\exif_reader</Filter>
    </ClCompile>
    <ClCompile Include="exif_reader\jhead-2.90\exif.cpp">
      <Filter>Source Files\exif_reader\jhead-2.90</Filter>
    </ClCompile>
    <ClCompile Include="exif_reader\jhead-2.90\gpsinfo.cpp">
      <Filter>Source Files\exif_reader\jhead-2.90</Filter>
    </ClCompile>
    <ClCompile Include="exif_reader\jhead-2.90\iptc.cpp">
      <Filter>Source Files\exif_reader\jhead-2.90</Filter>
    </ClCompile>
    <ClCompile Include="exif_reader\jhead-2.90\jhead.cpp">
      <Filter>Source Files\exif_reader\jhead-2.90</Filter>
    </ClCompile>
    <ClCompile Include="exif_reader\jhead-2.90\jpgfile.cpp">
      <Filter>Source Files\exif_reader\jhead-2.90</Filter>
    </ClCompile>
    <ClCompile Include="exif_reader\jhead-2.90\makernote.cpp">
      <Filter>Source Files\exif_reader\jhead-2.90</Filter>
    </ClCompile>
    <ClCompile Include="exif_reader\jhead-2.90\paths.cpp">
      <Filter>Source Files\exif_reader\jhead-2.90</Filter>
    </ClCompile>
  </ItemGroup>
  <ItemGroup>
    <ClInclude Include="visualwords.h">
      <Filter>Source Files</Filter>
    </ClInclude>
    <ClInclude Include="geometry.h">
      <Filter>Source Files</Filter>
    </ClInclude>
    <ClInclude Include="Epnp\epnp.h">
      <Filter>Source Files\epnp</Filter>
    </ClInclude>
    <ClInclude Include="Timer\timer.h">
      <Filter>Source Files\timer</Filter>
    </ClInclude>
    <ClInclude Include="PreProcess\bundlercamera.h">
      <Filter>Source Files\preprocess</Filter>
    </ClInclude>
    <ClInclude Include="PreProcess\parsebundler.h">
      <Filter>Source Files\preprocess</Filter>
    </ClInclude>
    <ClInclude Include="PreProcess\picture.h">
      <Filter>Source Files\preprocess</Filter>
    </ClInclude>
    <ClInclude Include="MEstimator.h">
      <Filter>Source Files</Filter>
    </ClInclude>
    <ClInclude Include="sba_warper\sba_warper.h">
      <Filter>Source Files\sba_warper</Filter>
    </ClInclude>
    <ClInclude Include="TrackData_3D.h">
      <Filter>Source Files</Filter>
    </ClInclude>
    <ClInclude Include="exif_reader\exif_reader.h">
      <Filter>Source Files\exif_reader</Filter>
    </ClInclude>
    <ClInclude Include="exif_reader\jhead-2.90\jhead.h">
      <Filter>Source Files\exif_reader\jhead-2.90</Filter>
    </ClInclude>
  </ItemGroup>
</Project>